
Microsoft Visual Studio Solution File, Format Version 12.00
# Visual Studio 15
VisualStudioVersion = 15.0.28307.1267
MinimumVisualStudioVersion = 10.0.40219.1
Project("{FAE04EC0-301F-11D3-BF4B-00C04F79EFBC}") = "ServerCodeRest_2016009_MuhammadArrasyJI", "ServerCodeRest_2016009_MuhammadArrasyJI\ServerCodeRest_2016009_MuhammadArrasyJI.csproj", "{829D2A75-F5CD-4622-9067-8F264BD727A0}"
EndProject
Global
	GlobalSection(SolutionConfigurationPlatforms) = preSolution
		Debug|Any CPU = Debug|Any CPU
		Release|Any CPU = Release|Any CPU
	EndGlobalSection
	GlobalSection(ProjectConfigurationPlatforms) = postSolution
		{829D2A75-F5CD-4622-9067-8F264BD727A0}.Debug|Any CPU.ActiveCfg = Debug|Any CPU
		{829D2A75-F5CD-4622-9067-8F264BD727A0}.Debug|Any CPU.Build.0 = Debug|Any CPU
		{829D2A75-F5CD-4622-9067-8F264BD727A0}.Release|Any CPU.ActiveCfg = Release|Any CPU
		{829D2A75-F5CD-4622-9067-8F264BD727A0}.Release|Any CPU.Build.0 = Release|Any CPU
	EndGlobalSection
	GlobalSection(SolutionProperties) = preSolution
		HideSolutionNode = FALSE
	EndGlobalSection
	GlobalSection(ExtensibilityGlobals) = postSolution
		SolutionGuid = {56D0A342-B8D4-4687-AF98-8797AD982D64}
	EndGlobalSection
EndGlobal
